<Solution Description="Visual Studio slnx file generated by Premake" Version="1.4">
  <Configurations>
    <BuildType Name="Debug" />
    <BuildType Name="Release" />
    <Platform Name="ARM64" />
    <Platform Name="Win32" />
    <Platform Name="x64" />
  </Configurations>
  <Project Path="raylib.vcxproj" Id="8898EA18-743A-15EF-5DF5-284349369C3F">
  </Project>
  <Project Path="raylib-quickstart-main.vcxproj" Id="7223710C-5E1D-9A5E-478A-306F332300CB" DefaultStartup="true">
    <BuildDependency Project="raylib.vcxproj" />
  </Project>
</Solution>