<?xml version="1.0" encoding="utf-8"?>
<Project ToolsVersion="4.0" xmlns="http://schemas.microsoft.com/developer/msbuild/2003">
  <ItemGroup>
    <Filter Include="Source Files">
      <UniqueIdentifier>{E9C7FDCE-D52A-8D73-7EB0-C5296AF258F6}</UniqueIdentifier>
    </Filter>
    <Filter Include="Header Files">
      <UniqueIdentifier>{21EB8090-0D4E-1035-B6D3-48EBA215DCB7}</UniqueIdentifier>
    </Filter>
    <Filter Include="Game Resource Files">
      <UniqueIdentifier>{BAF00917-2652-E724-AFBF-2DD71B201EE4}</UniqueIdentifier>
    </Filter>
    <Filter Include="Windows Resource Files">
      <UniqueIdentifier>{6B659E97-575F-C7E9-40CC-5DFA2C652D56}</UniqueIdentifier>
    </Filter>
  </ItemGroup>
  <ItemGroup>
    <ClInclude Include="include\resource_dir.h">
      <Filter>Header Files</Filter>
    </ClInclude>
    <ClInclude Include="include\Board.h">
      <Filter>Source Files</Filter>
    </ClInclude>
    <ClInclude Include="include\Piece.h">
      <Filter>Source Files</Filter>
    </ClInclude>
    <ClInclude Include="include\Renderer.h">
      <Filter>Source Files</Filter>
    </ClInclude>
    <ClInclude Include="include\EngineManager.h">
      <Filter>Source Files</Filter>
    </ClInclude>
    <ClInclude Include="include\GameController.h">
      <Filter>Source Files</Filter>
    </ClInclude>
  </ItemGroup>
  <ItemGroup>
    <None Include="src\icon.ico">
      <Filter>Windows Resource Files</Filter>
    </None>
  </ItemGroup>
  <ItemGroup>
    <ResourceCompile Include="src\application.rc">
      <Filter>Windows Resource Files</Filter>
    </ResourceCompile>
  </ItemGroup>
  <ItemGroup>
    <ClCompile Include="src\Board.cpp">
      <Filter>Source Files</Filter>
    </ClCompile>
    <ClCompile Include="src\main.cpp">
      <Filter>Source Files</Filter>
    </ClCompile>
    <ClCompile Include="src\Piece.cpp">
      <Filter>Source Files</Filter>
    </ClCompile>
    <ClCompile Include="src\Renderer.cpp">
      <Filter>Source Files</Filter>
    </ClCompile>
    <ClCompile Include="src\EngineManager.cpp">
      <Filter>Source Files</Filter>
    </ClCompile>
    <ClCompile Include="src\GameController.cpp">
      <Filter>Source Files</Filter>
    </ClCompile>
  </ItemGroup>
  <ItemGroup>
    <Image Include="..\..\Chess_kdt45.png">
      <Filter>Game Resource Files</Filter>
    </Image>
    <Image Include="..\..\Chess_qdt45.png">
      <Filter>Game Resource Files</Filter>
    </Image>
    <Image Include="..\..\Chess_rdt45.png">
      <Filter>Game Resource Files</Filter>
    </Image>
    <Image Include="..\..\Chess_bdt45.png">
      <Filter>Game Resource Files</Filter>
    </Image>
    <Image Include="..\..\Chess_ndt45.png">
      <Filter>Game Resource Files</Filter>
    </Image>
    <Image Include="..\..\Chess_pdt45.png">
      <Filter>Game Resource Files</Filter>
    </Image>
    <Image Include="..\..\Chess_klt45.png">
      <Filter>Game Resource Files</Filter>
    </Image>
    <Image Include="..\..\Chess_qlt45.png">
      <Filter>Game Resource Files</Filter>
    </Image>
    <Image Include="..\..\Chess_rlt45.png">
      <Filter>Game Resource Files</Filter>
    </Image>
    <Image Include="..\..\Chess_blt45.png">
      <Filter>Game Resource Files</Filter>
    </Image>
    <Image Include="..\..\Chess_nlt45.png">
      <Filter>Game Resource Files</Filter>
    </Image>
    <Image Include="..\..\Chess_plt45.png">
      <Filter>Game Resource Files</Filter>
    </Image>
  </ItemGroup>
  <ItemGroup>
    <Media Include="resources\capture.mp3">
      <Filter>Game Resource Files</Filter>
    </Media>
    <Media Include="resources\castle.mp3">
      <Filter>Game Resource Files</Filter>
    </Media>
    <Media Include="resources\move-check.mp3">
      <Filter>Game Resource Files</Filter>
    </Media>
    <Media Include="resources\move-self.mp3">
      <Filter>Game Resource Files</Filter>
    </Media>
    <Media Include="resources\promote.mp3">
      <Filter>Game Resource Files</Filter>
    </Media>
  </ItemGroup>
  <ItemGroup>
    <Font Include="resources\futura_font.ttf">
      <Filter>Game Resource Files</Filter>
    </Font>
  </ItemGroup>
</Project>